
Microsoft Visual Studio Solution File, Format Version 12.00
# Visual Studio Version 16
VisualStudioVersion = 16.0.32428.217
MinimumVisualStudioVersion = 10.0.40219.1
Project("{FAE04EC0-301F-11D3-BF4B-00C04F79EFBC}") = "sistemaGerenciamentoAssistenciaTecnica", "sistemaGerenciamentoAssistenciaTecnica\sistemaGerenciamentoAssistenciaTecnica.csproj", "{1ED3AB42-787D-41C9-B552-58D000BE4CCF}"
EndProject
Global
	GlobalSection(SolutionConfigurationPlatforms) = preSolution
		Debug|Any CPU = Debug|Any CPU
		Release|Any CPU = Release|Any CPU
	EndGlobalSection
	GlobalSection(ProjectConfigurationPlatforms) = postSolution
		{1ED3AB42-787D-41C9-B552-58D000BE4CCF}.Debug|Any CPU.ActiveCfg = Debug|Any CPU
		{1ED3AB42-787D-41C9-B552-58D000BE4CCF}.Debug|Any CPU.Build.0 = Debug|Any CPU
		{1ED3AB42-787D-41C9-B552-58D000BE4CCF}.Release|Any CPU.ActiveCfg = Release|Any CPU
		{1ED3AB42-787D-41C9-B552-58D000BE4CCF}.Release|Any CPU.Build.0 = Release|Any CPU
	EndGlobalSection
	GlobalSection(SolutionProperties) = preSolution
		HideSolutionNode = FALSE
	EndGlobalSection
	GlobalSection(ExtensibilityGlobals) = postSolution
		SolutionGuid = {03B2DF40-5F1D-4A41-BED7-287B63FEEC18}
	EndGlobalSection
EndGlobal
